
Microsoft Visual Studio Solution File, Format Version 12.00
# Visual Studio 15
VisualStudioVersion = 15.0.27703.2042
MinimumVisualStudioVersion = 10.0.40219.1
Project("{FAE04EC0-301F-11D3-BF4B-00C04F79EFBC}") = "lst-data-restructuring-tool", "lst-data-restructuring-tool\lst-data-restructuring-tool.csproj", "{58862D64-1332-4FF9-9FC7-F5D0FC844E96}"
EndProject
Global
	GlobalSection(SolutionConfigurationPlatforms) = preSolution
		Debug|Any CPU = Debug|Any CPU
		Release|Any CPU = Release|Any CPU
	EndGlobalSection
	GlobalSection(ProjectConfigurationPlatforms) = postSolution
		{58862D64-1332-4FF9-9FC7-F5D0FC844E96}.Debug|Any CPU.ActiveCfg = Debug|Any CPU
		{58862D64-1332-4FF9-9FC7-F5D0FC844E96}.Debug|Any CPU.Build.0 = Debug|Any CPU
		{58862D64-1332-4FF9-9FC7-F5D0FC844E96}.Release|Any CPU.ActiveCfg = Release|Any CPU
		{58862D64-1332-4FF9-9FC7-F5D0FC844E96}.Release|Any CPU.Build.0 = Release|Any CPU
	EndGlobalSection
	GlobalSection(SolutionProperties) = preSolution
		HideSolutionNode = FALSE
	EndGlobalSection
	GlobalSection(ExtensibilityGlobals) = postSolution
		SolutionGuid = {BF86ADB5-12A4-45D1-A5A6-E325778D0788}
	EndGlobalSection
EndGlobal
